// !$*UTF8*$!
{
	archiveVersion = 1;
	classes = {
	};
	objectVersion = 50;
	objects = {

/* Begin PBXBuildFile section */
		EECABD9B225A4C7E00FC71B8 /* AppDelegate.swift in Sources */ = {isa = PBXBuildFile; fileRef = EECABD9A225A4C7E00FC71B8 /* AppDelegate.swift */; };
		EECABD9D225A4C7E00FC71B8 /* ViewController.swift in Sources */ = {isa = PBXBuildFile; fileRef = EECABD9C225A4C7E00FC71B8 /* ViewController.swift */; };
		EECABDA0225A4C7E00FC71B8 /* Main.storyboard in Resources */ = {isa = PBXBuildFile; fileRef = EECABD9E225A4C7E00FC71B8 /* Main.storyboard */; };
		EECABDA2225A4C7F00FC71B8 /* Assets.xcassets in Resources */ = {isa = PBXBuildFile; fileRef = EECABDA1225A4C7F00FC71B8 /* Assets.xcassets */; };
		EECABDA5225A4C7F00FC71B8 /* LaunchScreen.storyboard in Resources */ = {isa = PBXBuildFile; fileRef = EECABDA3225A4C7F00FC71B8 /* LaunchScreen.storyboard */; };
/* End PBXBuildFile section */

/* Begin PBXFileReference section */
		EECABD97225A4C7E00FC71B8 /* alcohol-or-gasoline.app */ = {isa = PBXFileReference; explicitFileType = wrapper.application; includeInIndex = 0; path = "alcohol-or-gasoline.app"; sourceTree = BUILT_PRODUCTS_DIR; };
		EECABD9A225A4C7E00FC71B8 /* AppDelegate.swift */ = {isa = PBXFileReference; lastKnownFileType = sourcecode.swift; path = AppDelegate.swift; sourceTree = "<group>"; };
		EECABD9C225A4C7E00FC71B8 /* ViewController.swift */ = {isa = PBXFileReference; lastKnownFileType = sourcecode.swift; path = ViewController.swift; sourceTree = "<group>"; };
		EECABD9F225A4C7E00FC71B8 /* Base */ = {isa = PBXFileReference; lastKnownFileType = file.storyboard; name = Base; path = Base.lproj/Main.storyboard; sourceTree = "<group>"; };
		EECABDA1225A4C7F00FC71B8 /* Assets.xcassets */ = {isa = PBXFileReference; lastKnownFileType = folder.assetcatalog; path = Assets.xcassets; sourceTree = "<group>"; };
		EECABDA4225A4C7F00FC71B8 /* Base */ = {isa = PBXFileReference; lastKnownFileType = file.storyboard; name = Base; path = Base.lproj/LaunchScreen.storyboard; sourceTree = "<group>"; };
		EECABDA6225A4C7F00FC71B8 /* Info.plist */ = {isa = PBXFileReference; lastKnownFileType = text.plist.xml; path = Info.plist; sourceTree = "<group>"; };
/* End PBXFileReference section */

/* Begin PBXFrameworksBuildPhase section */
		EECABD94225A4C7E00FC71B8 /* Frameworks */ = {
			isa = PBXFrameworksBuildPhase;
			buildActionMask = 2147483647;
			files = (
			);
			runOnlyForDeploymentPostprocessing = 0;
		};
/* End PBXFrameworksBuildPhase section */

/* Begin PBXGroup section */
		EECABD8E225A4C7E00FC71B8 = {
			isa = PBXGroup;
			children = (
				EECABD99225A4C7E00FC71B8 /* alcohol-or-gasoline */,
				EECABD98225A4C7E00FC71B8 /* Products */,
			);
			sourceTree = "<group>";
		};
		EECABD98225A4C7E00FC71B8 /* Products */ = {
			isa = PBXGroup;
			children = (
				EECABD97225A4C7E00FC71B8 /* alcohol-or-gasoline.app */,
			);
			name = Products;
			sourceTree = "<group>";
		};
		EECABD99225A4C7E00FC71B8 /* alcohol-or-gasoline */ = {
			isa = PBXGroup;
			children = (
				EECABD9A225A4C7E00FC71B8 /* AppDelegate.swift */,
				EECABD9C225A4C7E00FC71B8 /* ViewController.swift */,
				EECABD9E225A4C7E00FC71B8 /* Main.storyboard */,
				EECABDA1225A4C7F00FC71B8 /* Assets.xcassets */,
				EECABDA3225A4C7F00FC71B8 /* LaunchScreen.storyboard */,
				EECABDA6225A4C7F00FC71B8 /* Info.plist */,
			);
			path = "alcohol-or-gasoline";
			sourceTree = "<group>";
		};
/* End PBXGroup section */

/* Begin PBXNativeTarget section */
		EECABD96225A4C7E00FC71B8 /* alcohol-or-gasoline */ = {
			isa = PBXNativeTarget;
			buildConfigurationList = EECABDA9225A4C7F00FC71B8 /* Build configuration list for PBXNativeTarget "alcohol-or-gasoline" */;
			buildPhases = (
				EECABD93225A4C7E00FC71B8 /* Sources */,
				EECABD94225A4C7E00FC71B8 /* Frameworks */,
				EECABD95225A4C7E00FC71B8 /* Resources */,
			);
			buildRules = (
			);
			dependencies = (
			);
			name = "alcohol-or-gasoline";
			productName = "alcohol-or-gasoline";
			productReference = EECABD97225A4C7E00FC71B8 /* alcohol-or-gasoline.app */;
			productType = "com.apple.product-type.application";
		};
/* End PBXNativeTarget section */

/* Begin PBXProject section */
		EECABD8F225A4C7E00FC71B8 /* Project object */ = {
			isa = PBXProject;
			attributes = {
				LastSwiftUpdateCheck = 1020;
				LastUpgradeCheck = 1020;
				ORGANIZATIONNAME = "Cesar Paiva";
				TargetAttributes = {
					EECABD96225A4C7E00FC71B8 = {
						CreatedOnToolsVersion = 10.2;
					};
				};
			};
			buildConfigurationList = EECABD92225A4C7E00FC71B8 /* Build configuration list for PBXProject "alcohol-or-gasoline" */;
			compatibilityVersion = "Xcode 9.3";
			developmentRegion = en;
			hasScannedForEncodings = 0;
			knownRegions = (
				en,
				Base,
			);
			mainGroup = EECABD8E225A4C7E00FC71B8;
			productRefGroup = EECABD98225A4C7E00FC71B8 /* Products */;
			projectDirPath = "";
			projectRoot = "";
			targets = (
				EECABD96225A4C7E00FC71B8 /* alcohol-or-gasoline */,
			);
		};
/* End PBXProject section */

/* Begin PBXResourcesBuildPhase section */
		EECABD95225A4C7E00FC71B8 /* Resources */ = {
			isa = PBXResourcesBuildPhase;
			buildActionMask = 2147483647;
			files = (
				EECABDA5225A4C7F00FC71B8 /* LaunchScreen.storyboard in Resources */,
				EECABDA2225A4C7F00FC71B8 /* Assets.xcassets in Resources */,
				EECABDA0225A4C7E00FC71B8 /* Main.storyboard in Resources */,
			);
			runOnlyForDeploymentPostprocessing = 0;
		};
/* End PBXResourcesBuildPhase section */

/* Begin PBXSourcesBuildPhase section */
		EECABD93225A4C7E00FC71B8 /* Sources */ = {
			isa = PBXSourcesBuildPhase;
			buildActionMask = 2147483647;
			files = (
				EECABD9D225A4C7E00FC71B8 /* ViewController.swift in Sources */,
				EECABD9B225A4C7E00FC71B8 /* AppDelegate.swift in Sources */,
			);
			runOnlyForDeploymentPostprocessing = 0;
		};
/* End PBXSourcesBuildPhase section */

/* Begin PBXVariantGroup section */
		EECABD9E225A4C7E00FC71B8 /* Main.storyboard */ = {
			isa = PBXVariantGroup;
			children = (
				EECABD9F225A4C7E00FC71B8 /* Base */,
			);
			name = Main.storyboard;
			sourceTree = "<group>";
		};
		EECABDA3225A4C7F00FC71B8 /* LaunchScreen.storyboard */ = {
			isa = PBXVariantGroup;
			children = (
				EECABDA4225A4C7F00FC71B8 /* Base */,
			);
			name = LaunchScreen.storyboard;
			sourceTree = "<group>";
		};
/* End PBXVariantGroup section */

/* Begin XCBuildConfiguration section */
		EECABDA7225A4C7F00FC71B8 /* Debug */ = {
			isa = XCBuildConfiguration;
			buildSettings = {
				ALWAYS_SEARCH_USER_PATHS = NO;
				CLANG_ANALYZER_NONNULL = YES;
				CLANG_ANALYZER_NUMBER_OBJECT_CONVERSION = YES_AGGRESSIVE;
				CLANG_CXX_LANGUAGE_STANDARD = "gnu++14";
				CLANG_CXX_LIBRARY = "libc++";
				CLANG_ENABLE_MODULES = YES;
				CLANG_ENABLE_OBJC_ARC = YES;
				CLANG_ENABLE_OBJC_WEAK = YES;
				CLANG_WARN_BLOCK_CAPTURE_AUTORELEASING = YES;
				CLANG_WARN_BOOL_CONVERSION = YES;
				CLANG_WARN_COMMA = YES;
				CLANG_WARN_CONSTANT_CONVERSION = YES;
				CLANG_WARN_DEPRECATED_OBJC_IMPLEMENTATIONS = YES;
				CLANG_WARN_DIRECT_OBJC_ISA_USAGE = YES_ERROR;
				CLANG_WARN_DOCUMENTATION_COMMENTS = YES;
				CLANG_WARN_EMPTY_BODY = YES;
				CLANG_WARN_ENUM_CONVERSION = YES;
				CLANG_WARN_INFINITE_RECURSION = YES;
				CLANG_WARN_INT_CONVERSION = YES;
				CLANG_WARN_NON_LITERAL_NULL_CONVERSION = YES;
				CLANG_WARN_OBJC_IMPLICIT_RETAIN_SELF = YES;
				CLANG_WARN_OBJC_LITERAL_CONVERSION = YES;
				CLANG_WARN_OBJC_ROOT_CLASS = YES_ERROR;
				CLANG_WARN_RANGE_LOOP_ANALYSIS = YES;
				CLANG_WARN_STRICT_PROTOTYPES = YES;
				CLANG_WARN_SUSPICIOUS_MOVE = YES;
				CLANG_WARN_UNGUARDED_AVAILABILITY = YES_AGGRESSIVE;
				CLANG_WARN_UNREACHABLE_CODE = YES;
				CLANG_WARN__DUPLICATE_METHOD_MATCH = YES;
				CODE_SIGN_IDENTITY = "iPhone Developer";
				COPY_PHASE_STRIP = NO;
				DEBUG_INFORMATION_FORMAT = dwarf;
				ENABLE_STRICT_OBJC_MSGSEND = YES;
				ENABLE_TESTABILITY = YES;
				GCC_C_LANGUAGE_STANDARD = gnu11;
				GCC_DYNAMIC_NO_PIC = NO;
				GCC_NO_COMMON_BLOCKS = YES;
				GCC_OPTIMIZATION_LEVEL = 0;
				GCC_PREPROCESSOR_DEFINITIONS = (
					"DEBUG=1",
					"$(inherited)",
				);
				GCC_WARN_64_TO_32_BIT_CONVERSION = YES;
				GCC_WARN_ABOUT_RETURN_TYPE = YES_ERROR;
				GCC_WARN_UNDECLARED_SELECTOR = YES;
				GCC_WARN_UNINITIALIZED_AUTOS = YES_AGGRESSIVE;
				GCC_WARN_UNUSED_FUNCTION = YES;
				GCC_WARN_UNUSED_VARIABLE = YES;
				IPHONEOS_DEPLOYMENT_TARGET = 12.2;
				MTL_ENABLE_DEBUG_INFO = INCLUDE_SOURCE;
				MTL_FAST_MATH = YES;
				ONLY_ACTIVE_ARCH = YES;
				SDKROOT = iphoneos;
				SWIFT_ACTIVE_COMPILATION_CONDITIONS = DEBUG;
				SWIFT_OPTIMIZATION_LEVEL = "-Onone";
			};
			name = Debug;
		};
		EECABDA8225A4C7F00FC71B8 /* Release */ = {
			isa = XCBuildConfiguration;
			buildSettings = {
				ALWAYS_SEARCH_USER_PATHS = NO;
				CLANG_ANALYZER_NONNULL = YES;
				CLANG_ANALYZER_NUMBER_OBJECT_CONVERSION = YES_AGGRESSIVE;
				CLANG_CXX_LANGUAGE_STANDARD = "gnu++14";
				CLANG_CXX_LIBRARY = "libc++";
				CLANG_ENABLE_MODULES = YES;
				CLANG_ENABLE_OBJC_ARC = YES;
				CLANG_ENABLE_OBJC_WEAK = YES;
				CLANG_WARN_BLOCK_CAPTURE_AUTORELEASING = YES;
				CLANG_WARN_BOOL_CONVERSION = YES;
				CLANG_WARN_COMMA = YES;
				CLANG_WARN_CONSTANT_CONVERSION = YES;
				CLANG_WARN_DEPRECATED_OBJC_IMPLEMENTATIONS = YES;
				CLANG_WARN_DIRECT_OBJC_ISA_USAGE = YES_ERROR;
				CLANG_WARN_DOCUMENTATION_COMMENTS = YES;
				CLANG_WARN_EMPTY_BODY = YES;
				CLANG_WARN_ENUM_CONVERSION = YES;
				CLANG_WARN_INFINITE_RECURSION = YES;
				CLANG_WARN_INT_CONVERSION = YES;
				CLANG_WARN_NON_LITERAL_NULL_CONVERSION = YES;
				CLANG_WARN_OBJC_IMPLICIT_RETAIN_SELF = YES;
				CLANG_WARN_OBJC_LITERAL_CONVERSION = YES;
				CLANG_WARN_OBJC_ROOT_CLASS = YES_ERROR;
				CLANG_WARN_RANGE_LOOP_ANALYSIS = YES;
				CLANG_WARN_STRICT_PROTOTYPES = YES;
				CLANG_WARN_SUSPICIOUS_MOVE = YES;
				CLANG_WARN_UNGUARDED_AVAILABILITY = YES_AGGRESSIVE;
				CLANG_WARN_UNREACHABLE_CODE = YES;
				CLANG_WARN__DUPLICATE_METHOD_MATCH = YES;
				CODE_SIGN_IDENTITY = "iPhone Developer";
				COPY_PHASE_STRIP = NO;
				DEBUG_INFORMATION_FORMAT = "dwarf-with-dsym";
				ENABLE_NS_ASSERTIONS = NO;
				ENABLE_STRICT_OBJC_MSGSEND = YES;
				GCC_C_LANGUAGE_STANDARD = gnu11;
				GCC_NO_COMMON_BLOCKS = YES;
				GCC_WARN_64_TO_32_BIT_CONVERSION = YES;
				GCC_WARN_ABOUT_RETURN_TYPE = YES_ERROR;
				GCC_WARN_UNDECLARED_SELECTOR = YES;
				GCC_WARN_UNINITIALIZED_AUTOS = YES_AGGRESSIVE;
				GCC_WARN_UNUSED_FUNCTION = YES;
				GCC_WARN_UNUSED_VARIABLE = YES;
				IPHONEOS_DEPLOYMENT_TARGET = 12.2;
				MTL_ENABLE_DEBUG_INFO = NO;
				MTL_FAST_MATH = YES;
				SDKROOT = iphoneos;
				SWIFT_COMPILATION_MODE = wholemodule;
				SWIFT_OPTIMIZATION_LEVEL = "-O";
				VALIDATE_PRODUCT = YES;
			};
			name = Release;
		};
		EECABDAA225A4C7F00FC71B8 /* Debug */ = {
			isa = XCBuildConfiguration;
			buildSettings = {
				ASSETCATALOG_COMPILER_APPICON_NAME = AppIcon;
				CODE_SIGN_STYLE = Automatic;
				INFOPLIST_FILE = "alcohol-or-gasoline/Info.plist";
				LD_RUNPATH_SEARCH_PATHS = (
					"$(inherited)",
					"@executable_path/Frameworks",
				);
				PRODUCT_BUNDLE_IDENTIFIER = "com.cesarpaiva.alcohol-or-gasoline";
				PRODUCT_NAME = "$(TARGET_NAME)";
				SWIFT_VERSION = 5.0;
				TARGETED_DEVICE_FAMILY = 1;
			};
			name = Debug;
		};
		EECABDAB225A4C7F00FC71B8 /* Release */ = {
			isa = XCBuildConfiguration;
			buildSettings = {
				ASSETCATALOG_COMPILER_APPICON_NAME = AppIcon;
				CODE_SIGN_STYLE = Automatic;
				INFOPLIST_FILE = "alcohol-or-gasoline/Info.plist";
				LD_RUNPATH_SEARCH_PATHS = (
					"$(inherited)",
					"@executable_path/Frameworks",
				);
				PRODUCT_BUNDLE_IDENTIFIER = "com.cesarpaiva.alcohol-or-gasoline";
				PRODUCT_NAME = "$(TARGET_NAME)";
				SWIFT_VERSION = 5.0;
				TARGETED_DEVICE_FAMILY = 1;
			};
			name = Release;
		};
/* End XCBuildConfiguration section */

/* Begin XCConfigurationList section */
		EECABD92225A4C7E00FC71B8 /* Build configuration list for PBXProject "alcohol-or-gasoline" */ = {
			isa = XCConfigurationList;
			buildConfigurations = (
				EECABDA7225A4C7F00FC71B8 /* Debug */,
				EECABDA8225A4C7F00FC71B8 /* Release */,
			);
			defaultConfigurationIsVisible = 0;
			defaultConfigurationName = Release;
		};
		EECABDA9225A4C7F00FC71B8 /* Build configuration list for PBXNativeTarget "alcohol-or-gasoline" */ = {
			isa = XCConfigurationList;
			buildConfigurations = (
				EECABDAA225A4C7F00FC71B8 /* Debug */,
				EECABDAB225A4C7F00FC71B8 /* Release */,
			);
			defaultConfigurationIsVisible = 0;
			defaultConfigurationName = Release;
		};
/* End XCConfigurationList section */
	};
	rootObject = EECABD8F225A4C7E00FC71B8 /* Project object */;
}
